// !$*UTF8*$!
{
	archiveVersion = 1;
	classes = {
	};
	objectVersion = 50;
	objects = {

/* Begin PBXBuildFile section */
		3EE6DB1F22CDD635005700BD /* AppDelegate.swift in Sources */ = {isa = PBXBuildFile; fileRef = 3EE6DB1E22CDD635005700BD /* AppDelegate.swift */; };
		3EE6DB2122CDD635005700BD /* ViewController.swift in Sources */ = {isa = PBXBuildFile; fileRef = 3EE6DB2022CDD635005700BD /* ViewController.swift */; };
		3EE6DB2422CDD635005700BD /* Main.storyboard in Resources */ = {isa = PBXBuildFile; fileRef = 3EE6DB2222CDD635005700BD /* Main.storyboard */; };
		3EE6DB2622CDD636005700BD /* Assets.xcassets in Resources */ = {isa = PBXBuildFile; fileRef = 3EE6DB2522CDD636005700BD /* Assets.xcassets */; };
		3EE6DB2922CDD636005700BD /* LaunchScreen.storyboard in Resources */ = {isa = PBXBuildFile; fileRef = 3EE6DB2722CDD636005700BD /* LaunchScreen.storyboard */; };
		3EE6DB3422CDD636005700BD /* SearchBarTests.swift in Sources */ = {isa = PBXBuildFile; fileRef = 3EE6DB3322CDD636005700BD /* SearchBarTests.swift */; };
		3EE6DB3F22CDD636005700BD /* SearchBarUITests.swift in Sources */ = {isa = PBXBuildFile; fileRef = 3EE6DB3E22CDD636005700BD /* SearchBarUITests.swift */; };
/* End PBXBuildFile section */

/* Begin PBXContainerItemProxy section */
		3EE6DB3022CDD636005700BD /* PBXContainerItemProxy */ = {
			isa = PBXContainerItemProxy;
			containerPortal = 3EE6DB1322CDD635005700BD /* Project object */;
			proxyType = 1;
			remoteGlobalIDString = 3EE6DB1A22CDD635005700BD;
			remoteInfo = SearchBar;
		};
		3EE6DB3B22CDD636005700BD /* PBXContainerItemProxy */ = {
			isa = PBXContainerItemProxy;
			containerPortal = 3EE6DB1322CDD635005700BD /* Project object */;
			proxyType = 1;
			remoteGlobalIDString = 3EE6DB1A22CDD635005700BD;
			remoteInfo = SearchBar;
		};
/* End PBXContainerItemProxy section */

/* Begin PBXFileReference section */
		3EE6DB1B22CDD635005700BD /* SearchBar.app */ = {isa = PBXFileReference; explicitFileType = wrapper.application; includeInIndex = 0; path = SearchBar.app; sourceTree = BUILT_PRODUCTS_DIR; };
		3EE6DB1E22CDD635005700BD /* AppDelegate.swift */ = {isa = PBXFileReference; lastKnownFileType = sourcecode.swift; path = AppDelegate.swift; sourceTree = "<group>"; };
		3EE6DB2022CDD635005700BD /* ViewController.swift */ = {isa = PBXFileReference; lastKnownFileType = sourcecode.swift; path = ViewController.swift; sourceTree = "<group>"; };
		3EE6DB2322CDD635005700BD /* Base */ = {isa = PBXFileReference; lastKnownFileType = file.storyboard; name = Base; path = Base.lproj/Main.storyboard; sourceTree = "<group>"; };
		3EE6DB2522CDD636005700BD /* Assets.xcassets */ = {isa = PBXFileReference; lastKnownFileType = folder.assetcatalog; path = Assets.xcassets; sourceTree = "<group>"; };
		3EE6DB2822CDD636005700BD /* Base */ = {isa = PBXFileReference; lastKnownFileType = file.storyboard; name = Base; path = Base.lproj/LaunchScreen.storyboard; sourceTree = "<group>"; };
		3EE6DB2A22CDD636005700BD /* Info.plist */ = {isa = PBXFileReference; lastKnownFileType = text.plist.xml; path = Info.plist; sourceTree = "<group>"; };
		3EE6DB2F22CDD636005700BD /* SearchBarTests.xctest */ = {isa = PBXFileReference; explicitFileType = wrapper.cfbundle; includeInIndex = 0; path = SearchBarTests.xctest; sourceTree = BUILT_PRODUCTS_DIR; };
		3EE6DB3322CDD636005700BD /* SearchBarTests.swift */ = {isa = PBXFileReference; lastKnownFileType = sourcecode.swift; path = SearchBarTests.swift; sourceTree = "<group>"; };
		3EE6DB3522CDD636005700BD /* Info.plist */ = {isa = PBXFileReference; lastKnownFileType = text.plist.xml; path = Info.plist; sourceTree = "<group>"; };
		3EE6DB3A22CDD636005700BD /* SearchBarUITests.xctest */ = {isa = PBXFileReference; explicitFileType = wrapper.cfbundle; includeInIndex = 0; path = SearchBarUITests.xctest; sourceTree = BUILT_PRODUCTS_DIR; };
		3EE6DB3E22CDD636005700BD /* SearchBarUITests.swift */ = {isa = PBXFileReference; lastKnownFileType = sourcecode.swift; path = SearchBarUITests.swift; sourceTree = "<group>"; };
		3EE6DB4022CDD636005700BD /* Info.plist */ = {isa = PBXFileReference; lastKnownFileType = text.plist.xml; path = Info.plist; sourceTree = "<group>"; };
/* End PBXFileReference section */

/* Begin PBXFrameworksBuildPhase section */
		3EE6DB1822CDD635005700BD /* Frameworks */ = {
			isa = PBXFrameworksBuildPhase;
			buildActionMask = 2147483647;
			files = (
			);
			runOnlyForDeploymentPostprocessing = 0;
		};
		3EE6DB2C22CDD636005700BD /* Frameworks */ = {
			isa = PBXFrameworksBuildPhase;
			buildActionMask = 2147483647;
			files = (
			);
			runOnlyForDeploymentPostprocessing = 0;
		};
		3EE6DB3722CDD636005700BD /* Frameworks */ = {
			isa = PBXFrameworksBuildPhase;
			buildActionMask = 2147483647;
			files = (
			);
			runOnlyForDeploymentPostprocessing = 0;
		};
/* End PBXFrameworksBuildPhase section */

/* Begin PBXGroup section */
		3EE6DB1222CDD635005700BD = {
			isa = PBXGroup;
			children = (
				3EE6DB1D22CDD635005700BD /* SearchBar */,
				3EE6DB3222CDD636005700BD /* SearchBarTests */,
				3EE6DB3D22CDD636005700BD /* SearchBarUITests */,
				3EE6DB1C22CDD635005700BD /* Products */,
			);
			sourceTree = "<group>";
		};
		3EE6DB1C22CDD635005700BD /* Products */ = {
			isa = PBXGroup;
			children = (
				3EE6DB1B22CDD635005700BD /* SearchBar.app */,
				3EE6DB2F22CDD636005700BD /* SearchBarTests.xctest */,
				3EE6DB3A22CDD636005700BD /* SearchBarUITests.xctest */,
			);
			name = Products;
			sourceTree = "<group>";
		};
		3EE6DB1D22CDD635005700BD /* SearchBar */ = {
			isa = PBXGroup;
			children = (
				3EE6DB1E22CDD635005700BD /* AppDelegate.swift */,
				3EE6DB2022CDD635005700BD /* ViewController.swift */,
				3EE6DB2222CDD635005700BD /* Main.storyboard */,
				3EE6DB2522CDD636005700BD /* Assets.xcassets */,
				3EE6DB2722CDD636005700BD /* LaunchScreen.storyboard */,
				3EE6DB2A22CDD636005700BD /* Info.plist */,
			);
			path = SearchBar;
			sourceTree = "<group>";
		};
		3EE6DB3222CDD636005700BD /* SearchBarTests */ = {
			isa = PBXGroup;
			children = (
				3EE6DB3322CDD636005700BD /* SearchBarTests.swift */,
				3EE6DB3522CDD636005700BD /* Info.plist */,
			);
			path = SearchBarTests;
			sourceTree = "<group>";
		};
		3EE6DB3D22CDD636005700BD /* SearchBarUITests */ = {
			isa = PBXGroup;
			children = (
				3EE6DB3E22CDD636005700BD /* SearchBarUITests.swift */,
				3EE6DB4022CDD636005700BD /* Info.plist */,
			);
			path = SearchBarUITests;
			sourceTree = "<group>";
		};
/* End PBXGroup section */

/* Begin PBXNativeTarget section */
		3EE6DB1A22CDD635005700BD /* SearchBar */ = {
			isa = PBXNativeTarget;
			buildConfigurationList = 3EE6DB4322CDD636005700BD /* Build configuration list for PBXNativeTarget "SearchBar" */;
			buildPhases = (
				3EE6DB1722CDD635005700BD /* Sources */,
				3EE6DB1822CDD635005700BD /* Frameworks */,
				3EE6DB1922CDD635005700BD /* Resources */,
			);
			buildRules = (
			);
			dependencies = (
			);
			name = SearchBar;
			productName = SearchBar;
			productReference = 3EE6DB1B22CDD635005700BD /* SearchBar.app */;
			productType = "com.apple.product-type.application";
		};
		3EE6DB2E22CDD636005700BD /* SearchBarTests */ = {
			isa = PBXNativeTarget;
			buildConfigurationList = 3EE6DB4622CDD636005700BD /* Build configuration list for PBXNativeTarget "SearchBarTests" */;
			buildPhases = (
				3EE6DB2B22CDD636005700BD /* Sources */,
				3EE6DB2C22CDD636005700BD /* Frameworks */,
				3EE6DB2D22CDD636005700BD /* Resources */,
			);
			buildRules = (
			);
			dependencies = (
				3EE6DB3122CDD636005700BD /* PBXTargetDependency */,
			);
			name = SearchBarTests;
			productName = SearchBarTests;
			productReference = 3EE6DB2F22CDD636005700BD /* SearchBarTests.xctest */;
			productType = "com.apple.product-type.bundle.unit-test";
		};
		3EE6DB3922CDD636005700BD /* SearchBarUITests */ = {
			isa = PBXNativeTarget;
			buildConfigurationList = 3EE6DB4922CDD636005700BD /* Build configuration list for PBXNativeTarget "SearchBarUITests" */;
			buildPhases = (
				3EE6DB3622CDD636005700BD /* Sources */,
				3EE6DB3722CDD636005700BD /* Frameworks */,
				3EE6DB3822CDD636005700BD /* Resources */,
			);
			buildRules = (
			);
			dependencies = (
				3EE6DB3C22CDD636005700BD /* PBXTargetDependency */,
			);
			name = SearchBarUITests;
			productName = SearchBarUITests;
			productReference = 3EE6DB3A22CDD636005700BD /* SearchBarUITests.xctest */;
			productType = "com.apple.product-type.bundle.ui-testing";
		};
/* End PBXNativeTarget section */

/* Begin PBXProject section */
		3EE6DB1322CDD635005700BD /* Project object */ = {
			isa = PBXProject;
			attributes = {
				LastSwiftUpdateCheck = 1020;
				LastUpgradeCheck = 1020;
				ORGANIZATIONNAME = Stone;
				TargetAttributes = {
					3EE6DB1A22CDD635005700BD = {
						CreatedOnToolsVersion = 10.2.1;
					};
					3EE6DB2E22CDD636005700BD = {
						CreatedOnToolsVersion = 10.2.1;
						TestTargetID = 3EE6DB1A22CDD635005700BD;
					};
					3EE6DB3922CDD636005700BD = {
						CreatedOnToolsVersion = 10.2.1;
						TestTargetID = 3EE6DB1A22CDD635005700BD;
					};
				};
			};
			buildConfigurationList = 3EE6DB1622CDD635005700BD /* Build configuration list for PBXProject "SearchBar" */;
			compatibilityVersion = "Xcode 9.3";
			developmentRegion = en;
			hasScannedForEncodings = 0;
			knownRegions = (
				en,
				Base,
			);
			mainGroup = 3EE6DB1222CDD635005700BD;
			productRefGroup = 3EE6DB1C22CDD635005700BD /* Products */;
			projectDirPath = "";
			projectRoot = "";
			targets = (
				3EE6DB1A22CDD635005700BD /* SearchBar */,
				3EE6DB2E22CDD636005700BD /* SearchBarTests */,
				3EE6DB3922CDD636005700BD /* SearchBarUITests */,
			);
		};
/* End PBXProject section */

/* Begin PBXResourcesBuildPhase section */
		3EE6DB1922CDD635005700BD /* Resources */ = {
			isa = PBXResourcesBuildPhase;
			buildActionMask = 2147483647;
			files = (
				3EE6DB2922CDD636005700BD /* LaunchScreen.storyboard in Resources */,
				3EE6DB2622CDD636005700BD /* Assets.xcassets in Resources */,
				3EE6DB2422CDD635005700BD /* Main.storyboard in Resources */,
			);
			runOnlyForDeploymentPostprocessing = 0;
		};
		3EE6DB2D22CDD636005700BD /* Resources */ = {
			isa = PBXResourcesBuildPhase;
			buildActionMask = 2147483647;
			files = (
			);
			runOnlyForDeploymentPostprocessing = 0;
		};
		3EE6DB3822CDD636005700BD /* Resources */ = {
			isa = PBXResourcesBuildPhase;
			buildActionMask = 2147483647;
			files = (
			);
			runOnlyForDeploymentPostprocessing = 0;
		};
/* End PBXResourcesBuildPhase section */

/* Begin PBXSourcesBuildPhase section */
		3EE6DB1722CDD635005700BD /* Sources */ = {
			isa = PBXSourcesBuildPhase;
			buildActionMask = 2147483647;
			files = (
				3EE6DB2122CDD635005700BD /* ViewController.swift in Sources */,
				3EE6DB1F22CDD635005700BD /* AppDelegate.swift in Sources */,
			);
			runOnlyForDeploymentPostprocessing = 0;
		};
		3EE6DB2B22CDD636005700BD /* Sources */ = {
			isa = PBXSourcesBuildPhase;
			buildActionMask = 2147483647;
			files = (
				3EE6DB3422CDD636005700BD /* SearchBarTests.swift in Sources */,
			);
			runOnlyForDeploymentPostprocessing = 0;
		};
		3EE6DB3622CDD636005700BD /* Sources */ = {
			isa = PBXSourcesBuildPhase;
			buildActionMask = 2147483647;
			files = (
				3EE6DB3F22CDD636005700BD /* SearchBarUITests.swift in Sources */,
			);
			runOnlyForDeploymentPostprocessing = 0;
		};
/* End PBXSourcesBuildPhase section */

/* Begin PBXTargetDependency section */
		3EE6DB3122CDD636005700BD /* PBXTargetDependency */ = {
			isa = PBXTargetDependency;
			target = 3EE6DB1A22CDD635005700BD /* SearchBar */;
			targetProxy = 3EE6DB3022CDD636005700BD /* PBXContainerItemProxy */;
		};
		3EE6DB3C22CDD636005700BD /* PBXTargetDependency */ = {
			isa = PBXTargetDependency;
			target = 3EE6DB1A22CDD635005700BD /* SearchBar */;
			targetProxy = 3EE6DB3B22CDD636005700BD /* PBXContainerItemProxy */;
		};
/* End PBXTargetDependency section */

/* Begin PBXVariantGroup section */
		3EE6DB2222CDD635005700BD /* Main.storyboard */ = {
			isa = PBXVariantGroup;
			children = (
				3EE6DB2322CDD635005700BD /* Base */,
			);
			name = Main.storyboard;
			sourceTree = "<group>";
		};
		3EE6DB2722CDD636005700BD /* LaunchScreen.storyboard */ = {
			isa = PBXVariantGroup;
			children = (
				3EE6DB2822CDD636005700BD /* Base */,
			);
			name = LaunchScreen.storyboard;
			sourceTree = "<group>";
		};
/* End PBXVariantGroup section */

/* Begin XCBuildConfiguration section */
		3EE6DB4122CDD636005700BD /* Debug */ = {
			isa = XCBuildConfiguration;
			buildSettings = {
				ALWAYS_SEARCH_USER_PATHS = NO;
				CLANG_ANALYZER_NONNULL = YES;
				CLANG_ANALYZER_NUMBER_OBJECT_CONVERSION = YES_AGGRESSIVE;
				CLANG_CXX_LANGUAGE_STANDARD = "gnu++14";
				CLANG_CXX_LIBRARY = "libc++";
				CLANG_ENABLE_MODULES = YES;
				CLANG_ENABLE_OBJC_ARC = YES;
				CLANG_ENABLE_OBJC_WEAK = YES;
				CLANG_WARN_BLOCK_CAPTURE_AUTORELEASING = YES;
				CLANG_WARN_BOOL_CONVERSION = YES;
				CLANG_WARN_COMMA = YES;
				CLANG_WARN_CONSTANT_CONVERSION = YES;
				CLANG_WARN_DEPRECATED_OBJC_IMPLEMENTATIONS = YES;
				CLANG_WARN_DIRECT_OBJC_ISA_USAGE = YES_ERROR;
				CLANG_WARN_DOCUMENTATION_COMMENTS = YES;
				CLANG_WARN_EMPTY_BODY = YES;
				CLANG_WARN_ENUM_CONVERSION = YES;
				CLANG_WARN_INFINITE_RECURSION = YES;
				CLANG_WARN_INT_CONVERSION = YES;
				CLANG_WARN_NON_LITERAL_NULL_CONVERSION = YES;
				CLANG_WARN_OBJC_IMPLICIT_RETAIN_SELF = YES;
				CLANG_WARN_OBJC_LITERAL_CONVERSION = YES;
				CLANG_WARN_OBJC_ROOT_CLASS = YES_ERROR;
				CLANG_WARN_RANGE_LOOP_ANALYSIS = YES;
				CLANG_WARN_STRICT_PROTOTYPES = YES;
				CLANG_WARN_SUSPICIOUS_MOVE = YES;
				CLANG_WARN_UNGUARDED_AVAILABILITY = YES_AGGRESSIVE;
				CLANG_WARN_UNREACHABLE_CODE = YES;
				CLANG_WARN__DUPLICATE_METHOD_MATCH = YES;
				CODE_SIGN_IDENTITY = "iPhone Developer";
				COPY_PHASE_STRIP = NO;
				DEBUG_INFORMATION_FORMAT = dwarf;
				ENABLE_STRICT_OBJC_MSGSEND = YES;
				ENABLE_TESTABILITY = YES;
				GCC_C_LANGUAGE_STANDARD = gnu11;
				GCC_DYNAMIC_NO_PIC = NO;
				GCC_NO_COMMON_BLOCKS = YES;
				GCC_OPTIMIZATION_LEVEL = 0;
				GCC_PREPROCESSOR_DEFINITIONS = (
					"DEBUG=1",
					"$(inherited)",
				);
				GCC_WARN_64_TO_32_BIT_CONVERSION = YES;
				GCC_WARN_ABOUT_RETURN_TYPE = YES_ERROR;
				GCC_WARN_UNDECLARED_SELECTOR = YES;
				GCC_WARN_UNINITIALIZED_AUTOS = YES_AGGRESSIVE;
				GCC_WARN_UNUSED_FUNCTION = YES;
				GCC_WARN_UNUSED_VARIABLE = YES;
				IPHONEOS_DEPLOYMENT_TARGET = 12.2;
				MTL_ENABLE_DEBUG_INFO = INCLUDE_SOURCE;
				MTL_FAST_MATH = YES;
				ONLY_ACTIVE_ARCH = YES;
				SDKROOT = iphoneos;
				SWIFT_ACTIVE_COMPILATION_CONDITIONS = DEBUG;
				SWIFT_OPTIMIZATION_LEVEL = "-Onone";
			};
			name = Debug;
		};
		3EE6DB4222CDD636005700BD /* Release */ = {
			isa = XCBuildConfiguration;
			buildSettings = {
				ALWAYS_SEARCH_USER_PATHS = NO;
				CLANG_ANALYZER_NONNULL = YES;
				CLANG_ANALYZER_NUMBER_OBJECT_CONVERSION = YES_AGGRESSIVE;
				CLANG_CXX_LANGUAGE_STANDARD = "gnu++14";
				CLANG_CXX_LIBRARY = "libc++";
				CLANG_ENABLE_MODULES = YES;
				CLANG_ENABLE_OBJC_ARC = YES;
				CLANG_ENABLE_OBJC_WEAK = YES;
				CLANG_WARN_BLOCK_CAPTURE_AUTORELEASING = YES;
				CLANG_WARN_BOOL_CONVERSION = YES;
				CLANG_WARN_COMMA = YES;
				CLANG_WARN_CONSTANT_CONVERSION = YES;
				CLANG_WARN_DEPRECATED_OBJC_IMPLEMENTATIONS = YES;
				CLANG_WARN_DIRECT_OBJC_ISA_USAGE = YES_ERROR;
				CLANG_WARN_DOCUMENTATION_COMMENTS = YES;
				CLANG_WARN_EMPTY_BODY = YES;
				CLANG_WARN_ENUM_CONVERSION = YES;
				CLANG_WARN_INFINITE_RECURSION = YES;
				CLANG_WARN_INT_CONVERSION = YES;
				CLANG_WARN_NON_LITERAL_NULL_CONVERSION = YES;
				CLANG_WARN_OBJC_IMPLICIT_RETAIN_SELF = YES;
				CLANG_WARN_OBJC_LITERAL_CONVERSION = YES;
				CLANG_WARN_OBJC_ROOT_CLASS = YES_ERROR;
				CLANG_WARN_RANGE_LOOP_ANALYSIS = YES;
				CLANG_WARN_STRICT_PROTOTYPES = YES;
				CLANG_WARN_SUSPICIOUS_MOVE = YES;
				CLANG_WARN_UNGUARDED_AVAILABILITY = YES_AGGRESSIVE;
				CLANG_WARN_UNREACHABLE_CODE = YES;
				CLANG_WARN__DUPLICATE_METHOD_MATCH = YES;
				CODE_SIGN_IDENTITY = "iPhone Developer";
				COPY_PHASE_STRIP = NO;
				DEBUG_INFORMATION_FORMAT = "dwarf-with-dsym";
				ENABLE_NS_ASSERTIONS = NO;
				ENABLE_STRICT_OBJC_MSGSEND = YES;
				GCC_C_LANGUAGE_STANDARD = gnu11;
				GCC_NO_COMMON_BLOCKS = YES;
				GCC_WARN_64_TO_32_BIT_CONVERSION = YES;
				GCC_WARN_ABOUT_RETURN_TYPE = YES_ERROR;
				GCC_WARN_UNDECLARED_SELECTOR = YES;
				GCC_WARN_UNINITIALIZED_AUTOS = YES_AGGRESSIVE;
				GCC_WARN_UNUSED_FUNCTION = YES;
				GCC_WARN_UNUSED_VARIABLE = YES;
				IPHONEOS_DEPLOYMENT_TARGET = 12.2;
				MTL_ENABLE_DEBUG_INFO = NO;
				MTL_FAST_MATH = YES;
				SDKROOT = iphoneos;
				SWIFT_COMPILATION_MODE = wholemodule;
				SWIFT_OPTIMIZATION_LEVEL = "-O";
				VALIDATE_PRODUCT = YES;
			};
			name = Release;
		};
		3EE6DB4422CDD636005700BD /* Debug */ = {
			isa = XCBuildConfiguration;
			buildSettings = {
				ASSETCATALOG_COMPILER_APPICON_NAME = AppIcon;
				CODE_SIGN_STYLE = Automatic;
				DEVELOPMENT_TEAM = 59RQN6MZ5J;
				INFOPLIST_FILE = SearchBar/Info.plist;
				LD_RUNPATH_SEARCH_PATHS = (
					"$(inherited)",
					"@executable_path/Frameworks",
				);
				PRODUCT_BUNDLE_IDENTIFIER = com.Stone.Funning.SearchBar;
				PRODUCT_NAME = "$(TARGET_NAME)";
				SWIFT_VERSION = 5.0;
				TARGETED_DEVICE_FAMILY = "1,2";
			};
			name = Debug;
		};
		3EE6DB4522CDD636005700BD /* Release */ = {
			isa = XCBuildConfiguration;
			buildSettings = {
				ASSETCATALOG_COMPILER_APPICON_NAME = AppIcon;
				CODE_SIGN_STYLE = Automatic;
				DEVELOPMENT_TEAM = 59RQN6MZ5J;
				INFOPLIST_FILE = SearchBar/Info.plist;
				LD_RUNPATH_SEARCH_PATHS = (
					"$(inherited)",
					"@executable_path/Frameworks",
				);
				PRODUCT_BUNDLE_IDENTIFIER = com.Stone.Funning.SearchBar;
				PRODUCT_NAME = "$(TARGET_NAME)";
				SWIFT_VERSION = 5.0;
				TARGETED_DEVICE_FAMILY = "1,2";
			};
			name = Release;
		};
		3EE6DB4722CDD636005700BD /* Debug */ = {
			isa = XCBuildConfiguration;
			buildSettings = {
				ALWAYS_EMBED_SWIFT_STANDARD_LIBRARIES = YES;
				BUNDLE_LOADER = "$(TEST_HOST)";
				CODE_SIGN_STYLE = Automatic;
				DEVELOPMENT_TEAM = 59RQN6MZ5J;
				INFOPLIST_FILE = SearchBarTests/Info.plist;
				LD_RUNPATH_SEARCH_PATHS = (
					"$(inherited)",
					"@executable_path/Frameworks",
					"@loader_path/Frameworks",
				);
				PRODUCT_BUNDLE_IDENTIFIER = com.Stone.Funning.SearchBarTests;
				PRODUCT_NAME = "$(TARGET_NAME)";
				SWIFT_VERSION = 5.0;
				TARGETED_DEVICE_FAMILY = "1,2";
				TEST_HOST = "$(BUILT_PRODUCTS_DIR)/SearchBar.app/SearchBar";
			};
			name = Debug;
		};
		3EE6DB4822CDD636005700BD /* Release */ = {
			isa = XCBuildConfiguration;
			buildSettings = {
				ALWAYS_EMBED_SWIFT_STANDARD_LIBRARIES = YES;
				BUNDLE_LOADER = "$(TEST_HOST)";
				CODE_SIGN_STYLE = Automatic;
				DEVELOPMENT_TEAM = 59RQN6MZ5J;
				INFOPLIST_FILE = SearchBarTests/Info.plist;
				LD_RUNPATH_SEARCH_PATHS = (
					"$(inherited)",
					"@executable_path/Frameworks",
					"@loader_path/Frameworks",
				);
				PRODUCT_BUNDLE_IDENTIFIER = com.Stone.Funning.SearchBarTests;
				PRODUCT_NAME = "$(TARGET_NAME)";
				SWIFT_VERSION = 5.0;
				TARGETED_DEVICE_FAMILY = "1,2";
				TEST_HOST = "$(BUILT_PRODUCTS_DIR)/SearchBar.app/SearchBar";
			};
			name = Release;
		};
		3EE6DB4A22CDD636005700BD /* Debug */ = {
			isa = XCBuildConfiguration;
			buildSettings = {
				ALWAYS_EMBED_SWIFT_STANDARD_LIBRARIES = YES;
				CODE_SIGN_STYLE = Automatic;
				DEVELOPMENT_TEAM = 59RQN6MZ5J;
				INFOPLIST_FILE = SearchBarUITests/Info.plist;
				LD_RUNPATH_SEARCH_PATHS = (
					"$(inherited)",
					"@executable_path/Frameworks",
					"@loader_path/Frameworks",
				);
				PRODUCT_BUNDLE_IDENTIFIER = com.Stone.Funning.SearchBarUITests;
				PRODUCT_NAME = "$(TARGET_NAME)";
				SWIFT_VERSION = 5.0;
				TARGETED_DEVICE_FAMILY = "1,2";
				TEST_TARGET_NAME = SearchBar;
			};
			name = Debug;
		};
		3EE6DB4B22CDD636005700BD /* Release */ = {
			isa = XCBuildConfiguration;
			buildSettings = {
				ALWAYS_EMBED_SWIFT_STANDARD_LIBRARIES = YES;
				CODE_SIGN_STYLE = Automatic;
				DEVELOPMENT_TEAM = 59RQN6MZ5J;
				INFOPLIST_FILE = SearchBarUITests/Info.plist;
				LD_RUNPATH_SEARCH_PATHS = (
					"$(inherited)",
					"@executable_path/Frameworks",
					"@loader_path/Frameworks",
				);
				PRODUCT_BUNDLE_IDENTIFIER = com.Stone.Funning.SearchBarUITests;
				PRODUCT_NAME = "$(TARGET_NAME)";
				SWIFT_VERSION = 5.0;
				TARGETED_DEVICE_FAMILY = "1,2";
				TEST_TARGET_NAME = SearchBar;
			};
			name = Release;
		};
/* End XCBuildConfiguration section */

/* Begin XCConfigurationList section */
		3EE6DB1622CDD635005700BD /* Build configuration list for PBXProject "SearchBar" */ = {
			isa = XCConfigurationList;
			buildConfigurations = (
				3EE6DB4122CDD636005700BD /* Debug */,
				3EE6DB4222CDD636005700BD /* Release */,
			);
			defaultConfigurationIsVisible = 0;
			defaultConfigurationName = Release;
		};
		3EE6DB4322CDD636005700BD /* Build configuration list for PBXNativeTarget "SearchBar" */ = {
			isa = XCConfigurationList;
			buildConfigurations = (
				3EE6DB4422CDD636005700BD /* Debug */,
				3EE6DB4522CDD636005700BD /* Release */,
			);
			defaultConfigurationIsVisible = 0;
			defaultConfigurationName = Release;
		};
		3EE6DB4622CDD636005700BD /* Build configuration list for PBXNativeTarget "SearchBarTests" */ = {
			isa = XCConfigurationList;
			buildConfigurations = (
				3EE6DB4722CDD636005700BD /* Debug */,
				3EE6DB4822CDD636005700BD /* Release */,
			);
			defaultConfigurationIsVisible = 0;
			defaultConfigurationName = Release;
		};
		3EE6DB4922CDD636005700BD /* Build configuration list for PBXNativeTarget "SearchBarUITests" */ = {
			isa = XCConfigurationList;
			buildConfigurations = (
				3EE6DB4A22CDD636005700BD /* Debug */,
				3EE6DB4B22CDD636005700BD /* Release */,
			);
			defaultConfigurationIsVisible = 0;
			defaultConfigurationName = Release;
		};
/* End XCConfigurationList section */
	};
	rootObject = 3EE6DB1322CDD635005700BD /* Project object */;
}
